
Microsoft Visual Studio Solution File, Format Version 12.00
# Visual Studio Version 17
VisualStudioVersion = 17.11.35327.3
MinimumVisualStudioVersion = 10.0.40219.1
Project("{FAE04EC0-301F-11D3-BF4B-00C04F79EFBC}") = "PatientManagement.Domain", "PatientManagement.Domain\PatientManagement.Domain.csproj", "{2F76481C-1A69-41C4-9BCD-245654F2C929}"
EndProject
Project("{FAE04EC0-301F-11D3-BF4B-00C04F79EFBC}") = "PatientManagement.Application", "PatientManagement.Application\PatientManagement.Application.csproj", "{BE353467-76BD-4E55-BEB5-3AAB5FEDF081}"
EndProject
Project("{FAE04EC0-301F-11D3-BF4B-00C04F79EFBC}") = "PatientManagement.Infrastructure", "PatientManagement.Infrastructure\PatientManagement.Infrastructure.csproj", "{58D6A8A6-1373-4BFB-ABE8-6C71119F12F7}"
EndProject
Project("{FAE04EC0-301F-11D3-BF4B-00C04F79EFBC}") = "PatientManagement.WebAPI", "PatientManagement.WebAPI\PatientManagement.WebAPI.csproj", "{94B35126-DBFD-417A-AB4A-223E0E82291D}"
EndProject
Project("{2150E333-8FDC-42A3-9474-1A3956D46DE8}") = "Solution", "Solution", "{0AAE81C9-FFB8-4530-9C80-DAF063FE0C24}"
EndProject
Project("{2150E333-8FDC-42A3-9474-1A3956D46DE8}") = "Tests", "Tests", "{497128D5-2A3D-4739-AC98-3C02BFC63307}"
EndProject
Project("{FAE04EC0-301F-11D3-BF4B-00C04F79EFBC}") = "PatientManagement.UnitTests", "PatientManagement.UnitTests\PatientManagement.UnitTests.csproj", "{ECDE9183-29FC-4B08-98E5-40B18EC86BC8}"
EndProject
Global
	GlobalSection(SolutionConfigurationPlatforms) = preSolution
		Debug|Any CPU = Debug|Any CPU
		Release|Any CPU = Release|Any CPU
	EndGlobalSection
	GlobalSection(ProjectConfigurationPlatforms) = postSolution
		{2F76481C-1A69-41C4-9BCD-245654F2C929}.Debug|Any CPU.ActiveCfg = Debug|Any CPU
		{2F76481C-1A69-41C4-9BCD-245654F2C929}.Debug|Any CPU.Build.0 = Debug|Any CPU
		{2F76481C-1A69-41C4-9BCD-245654F2C929}.Release|Any CPU.ActiveCfg = Release|Any CPU
		{2F76481C-1A69-41C4-9BCD-245654F2C929}.Release|Any CPU.Build.0 = Release|Any CPU
		{BE353467-76BD-4E55-BEB5-3AAB5FEDF081}.Debug|Any CPU.ActiveCfg = Debug|Any CPU
		{BE353467-76BD-4E55-BEB5-3AAB5FEDF081}.Debug|Any CPU.Build.0 = Debug|Any CPU
		{BE353467-76BD-4E55-BEB5-3AAB5FEDF081}.Release|Any CPU.ActiveCfg = Release|Any CPU
		{BE353467-76BD-4E55-BEB5-3AAB5FEDF081}.Release|Any CPU.Build.0 = Release|Any CPU
		{58D6A8A6-1373-4BFB-ABE8-6C71119F12F7}.Debug|Any CPU.ActiveCfg = Debug|Any CPU
		{58D6A8A6-1373-4BFB-ABE8-6C71119F12F7}.Debug|Any CPU.Build.0 = Debug|Any CPU
		{58D6A8A6-1373-4BFB-ABE8-6C71119F12F7}.Release|Any CPU.ActiveCfg = Release|Any CPU
		{58D6A8A6-1373-4BFB-ABE8-6C71119F12F7}.Release|Any CPU.Build.0 = Release|Any CPU
		{94B35126-DBFD-417A-AB4A-223E0E82291D}.Debug|Any CPU.ActiveCfg = Debug|Any CPU
		{94B35126-DBFD-417A-AB4A-223E0E82291D}.Debug|Any CPU.Build.0 = Debug|Any CPU
		{94B35126-DBFD-417A-AB4A-223E0E82291D}.Release|Any CPU.ActiveCfg = Release|Any CPU
		{94B35126-DBFD-417A-AB4A-223E0E82291D}.Release|Any CPU.Build.0 = Release|Any CPU
		{ECDE9183-29FC-4B08-98E5-40B18EC86BC8}.Debug|Any CPU.ActiveCfg = Debug|Any CPU
		{ECDE9183-29FC-4B08-98E5-40B18EC86BC8}.Debug|Any CPU.Build.0 = Debug|Any CPU
		{ECDE9183-29FC-4B08-98E5-40B18EC86BC8}.Release|Any CPU.ActiveCfg = Release|Any CPU
		{ECDE9183-29FC-4B08-98E5-40B18EC86BC8}.Release|Any CPU.Build.0 = Release|Any CPU
	EndGlobalSection
	GlobalSection(SolutionProperties) = preSolution
		HideSolutionNode = FALSE
	EndGlobalSection
	GlobalSection(NestedProjects) = preSolution
		{2F76481C-1A69-41C4-9BCD-245654F2C929} = {0AAE81C9-FFB8-4530-9C80-DAF063FE0C24}
		{BE353467-76BD-4E55-BEB5-3AAB5FEDF081} = {0AAE81C9-FFB8-4530-9C80-DAF063FE0C24}
		{58D6A8A6-1373-4BFB-ABE8-6C71119F12F7} = {0AAE81C9-FFB8-4530-9C80-DAF063FE0C24}
		{94B35126-DBFD-417A-AB4A-223E0E82291D} = {0AAE81C9-FFB8-4530-9C80-DAF063FE0C24}
		{ECDE9183-29FC-4B08-98E5-40B18EC86BC8} = {497128D5-2A3D-4739-AC98-3C02BFC63307}
	EndGlobalSection
	GlobalSection(ExtensibilityGlobals) = postSolution
		SolutionGuid = {7C6426BB-C8F2-4FFF-999C-FD306C51447F}
	EndGlobalSection
EndGlobal
